// !$*UTF8*$!
{
	archiveVersion = 1;
	classes = {
	};
	objectVersion = 56;
	objects = {

/* Begin PBXBuildFile section */
		54EBA5E33D2FE04AEF794769 /* Pods_StocksAndBankingTests.framework in Frameworks */ = {isa = PBXBuildFile; fileRef = 9EE1A9E2C81115A8BA6C5B04 /* Pods_StocksAndBankingTests.framework */; };
		6A1AA4222B4D5FDA00B1A624 /* AppDelegate.swift in Sources */ = {isa = PBXBuildFile; fileRef = 6A1AA4212B4D5FDA00B1A624 /* AppDelegate.swift */; };
		6A1AA4242B4D5FDA00B1A624 /* SceneDelegate.swift in Sources */ = {isa = PBXBuildFile; fileRef = 6A1AA4232B4D5FDA00B1A624 /* SceneDelegate.swift */; };
		6A1AA42B2B4D5FDA00B1A624 /* Assets.xcassets in Resources */ = {isa = PBXBuildFile; fileRef = 6A1AA42A2B4D5FDA00B1A624 /* Assets.xcassets */; };
		6A1AA42E2B4D5FDA00B1A624 /* LaunchScreen.storyboard in Resources */ = {isa = PBXBuildFile; fileRef = 6A1AA42C2B4D5FDA00B1A624 /* LaunchScreen.storyboard */; };
		6A1AA4392B4D5FDA00B1A624 /* StocksAndBankingTests.swift in Sources */ = {isa = PBXBuildFile; fileRef = 6A1AA4382B4D5FDA00B1A624 /* StocksAndBankingTests.swift */; };
		6A1AA4432B4D5FDB00B1A624 /* StocksAndBankingUITests.swift in Sources */ = {isa = PBXBuildFile; fileRef = 6A1AA4422B4D5FDB00B1A624 /* StocksAndBankingUITests.swift */; };
		6A1AA4452B4D5FDB00B1A624 /* StocksAndBankingUITestsLaunchTests.swift in Sources */ = {isa = PBXBuildFile; fileRef = 6A1AA4442B4D5FDB00B1A624 /* StocksAndBankingUITestsLaunchTests.swift */; };
		6A8132A72B4D835400B22316 /* APICaller.swift in Sources */ = {isa = PBXBuildFile; fileRef = 6A8132A62B4D835400B22316 /* APICaller.swift */; };
		6A8132A92B4D836600B22316 /* PersistanceManager.swift in Sources */ = {isa = PBXBuildFile; fileRef = 6A8132A82B4D836600B22316 /* PersistanceManager.swift */; };
		6A8132AB2B4D837700B22316 /* HapticsManager.swift in Sources */ = {isa = PBXBuildFile; fileRef = 6A8132AA2B4D837700B22316 /* HapticsManager.swift */; };
		6A8132AD2B4D83CE00B22316 /* WatchListViewController.swift in Sources */ = {isa = PBXBuildFile; fileRef = 6A8132AC2B4D83CE00B22316 /* WatchListViewController.swift */; };
		6A8132AF2B4D83E000B22316 /* NewsViewController.swift in Sources */ = {isa = PBXBuildFile; fileRef = 6A8132AE2B4D83E000B22316 /* NewsViewController.swift */; };
		6A8132B12B4D840100B22316 /* SearchResultsViewController.swift in Sources */ = {isa = PBXBuildFile; fileRef = 6A8132B02B4D840100B22316 /* SearchResultsViewController.swift */; };
		6A8132B32B4D841000B22316 /* StockDetailsViewController.swift in Sources */ = {isa = PBXBuildFile; fileRef = 6A8132B22B4D841000B22316 /* StockDetailsViewController.swift */; };
		6A8132B62B4D844A00B22316 /* SearchResultTableViewCell.swift in Sources */ = {isa = PBXBuildFile; fileRef = 6A8132B52B4D844A00B22316 /* SearchResultTableViewCell.swift */; };
		6A8132B82B4D846B00B22316 /* NewsHeaderView.swift in Sources */ = {isa = PBXBuildFile; fileRef = 6A8132B72B4D846B00B22316 /* NewsHeaderView.swift */; };
		6A8132BA2B4D849C00B22316 /* NewsStoryTableViewCell.swift in Sources */ = {isa = PBXBuildFile; fileRef = 6A8132B92B4D849C00B22316 /* NewsStoryTableViewCell.swift */; };
		6A8132BC2B4D84B100B22316 /* WatchListTableViewCell.swift in Sources */ = {isa = PBXBuildFile; fileRef = 6A8132BB2B4D84B100B22316 /* WatchListTableViewCell.swift */; };
		6A8132BE2B4D84D100B22316 /* StockChartView.swift in Sources */ = {isa = PBXBuildFile; fileRef = 6A8132BD2B4D84D100B22316 /* StockChartView.swift */; };
		6A8132C02B4D850500B22316 /* StockDetailHeaderView.swift in Sources */ = {isa = PBXBuildFile; fileRef = 6A8132BF2B4D850500B22316 /* StockDetailHeaderView.swift */; };
		6A8132C22B4D852300B22316 /* MetricCollectionViewCell.swift in Sources */ = {isa = PBXBuildFile; fileRef = 6A8132C12B4D852300B22316 /* MetricCollectionViewCell.swift */; };
		6A8132C42B4D854200B22316 /* SearchResponse.swift in Sources */ = {isa = PBXBuildFile; fileRef = 6A8132C32B4D854200B22316 /* SearchResponse.swift */; };
		6A8132C62B4D855300B22316 /* NewsStory.swift in Sources */ = {isa = PBXBuildFile; fileRef = 6A8132C52B4D855300B22316 /* NewsStory.swift */; };
		6A8132C82B4D857200B22316 /* MarketDataResponse.swift in Sources */ = {isa = PBXBuildFile; fileRef = 6A8132C72B4D857200B22316 /* MarketDataResponse.swift */; };
		6A8132CA2B4D85A100B22316 /* FinancialMetricsResponse.swift in Sources */ = {isa = PBXBuildFile; fileRef = 6A8132C92B4D85A100B22316 /* FinancialMetricsResponse.swift */; };
		6A8132CC2B4D85E100B22316 /* Extensions.swift in Sources */ = {isa = PBXBuildFile; fileRef = 6A8132CB2B4D85E100B22316 /* Extensions.swift */; };
		966FF240FBE9A5FE2151D3D6 /* Pods_StocksAndBanking.framework in Frameworks */ = {isa = PBXBuildFile; fileRef = FEE042AB2DCCCA14207F5161 /* Pods_StocksAndBanking.framework */; };
		FB2D0B7E57D51EB6FF80CD7D /* Pods_StocksAndBanking_StocksAndBankingUITests.framework in Frameworks */ = {isa = PBXBuildFile; fileRef = D1BE9F7D50DBEE9FA12698CF /* Pods_StocksAndBanking_StocksAndBankingUITests.framework */; };
/* End PBXBuildFile section */

/* Begin PBXContainerItemProxy section */
		6A1AA4352B4D5FDA00B1A624 /* PBXContainerItemProxy */ = {
			isa = PBXContainerItemProxy;
			containerPortal = 6A1AA4162B4D5FDA00B1A624 /* Project object */;
			proxyType = 1;
			remoteGlobalIDString = 6A1AA41D2B4D5FDA00B1A624;
			remoteInfo = StocksAndBanking;
		};
		6A1AA43F2B4D5FDB00B1A624 /* PBXContainerItemProxy */ = {
			isa = PBXContainerItemProxy;
			containerPortal = 6A1AA4162B4D5FDA00B1A624 /* Project object */;
			proxyType = 1;
			remoteGlobalIDString = 6A1AA41D2B4D5FDA00B1A624;
			remoteInfo = StocksAndBanking;
		};
/* End PBXContainerItemProxy section */

/* Begin PBXFileReference section */
		0C9900173B3F8B5AD224E9AE /* Pods-StocksAndBankingTests.release.xcconfig */ = {isa = PBXFileReference; includeInIndex = 1; lastKnownFileType = text.xcconfig; name = "Pods-StocksAndBankingTests.release.xcconfig"; path = "Target Support Files/Pods-StocksAndBankingTests/Pods-StocksAndBankingTests.release.xcconfig"; sourceTree = "<group>"; };
		5E3D5AD49F11B53ACDA72B2D /* Pods-StocksAndBanking-StocksAndBankingUITests.release.xcconfig */ = {isa = PBXFileReference; includeInIndex = 1; lastKnownFileType = text.xcconfig; name = "Pods-StocksAndBanking-StocksAndBankingUITests.release.xcconfig"; path = "Target Support Files/Pods-StocksAndBanking-StocksAndBankingUITests/Pods-StocksAndBanking-StocksAndBankingUITests.release.xcconfig"; sourceTree = "<group>"; };
		6A1AA41E2B4D5FDA00B1A624 /* StocksAndBanking.app */ = {isa = PBXFileReference; explicitFileType = wrapper.application; includeInIndex = 0; path = StocksAndBanking.app; sourceTree = BUILT_PRODUCTS_DIR; };
		6A1AA4212B4D5FDA00B1A624 /* AppDelegate.swift */ = {isa = PBXFileReference; lastKnownFileType = sourcecode.swift; path = AppDelegate.swift; sourceTree = "<group>"; };
		6A1AA4232B4D5FDA00B1A624 /* SceneDelegate.swift */ = {isa = PBXFileReference; lastKnownFileType = sourcecode.swift; path = SceneDelegate.swift; sourceTree = "<group>"; };
		6A1AA42A2B4D5FDA00B1A624 /* Assets.xcassets */ = {isa = PBXFileReference; lastKnownFileType = folder.assetcatalog; path = Assets.xcassets; sourceTree = "<group>"; };
		6A1AA42D2B4D5FDA00B1A624 /* Base */ = {isa = PBXFileReference; lastKnownFileType = file.storyboard; name = Base; path = Base.lproj/LaunchScreen.storyboard; sourceTree = "<group>"; };
		6A1AA42F2B4D5FDA00B1A624 /* Info.plist */ = {isa = PBXFileReference; lastKnownFileType = text.plist.xml; path = Info.plist; sourceTree = "<group>"; };
		6A1AA4342B4D5FDA00B1A624 /* StocksAndBankingTests.xctest */ = {isa = PBXFileReference; explicitFileType = wrapper.cfbundle; includeInIndex = 0; path = StocksAndBankingTests.xctest; sourceTree = BUILT_PRODUCTS_DIR; };
		6A1AA4382B4D5FDA00B1A624 /* StocksAndBankingTests.swift */ = {isa = PBXFileReference; lastKnownFileType = sourcecode.swift; path = StocksAndBankingTests.swift; sourceTree = "<group>"; };
		6A1AA43E2B4D5FDB00B1A624 /* StocksAndBankingUITests.xctest */ = {isa = PBXFileReference; explicitFileType = wrapper.cfbundle; includeInIndex = 0; path = StocksAndBankingUITests.xctest; sourceTree = BUILT_PRODUCTS_DIR; };
		6A1AA4422B4D5FDB00B1A624 /* StocksAndBankingUITests.swift */ = {isa = PBXFileReference; lastKnownFileType = sourcecode.swift; path = StocksAndBankingUITests.swift; sourceTree = "<group>"; };
		6A1AA4442B4D5FDB00B1A624 /* StocksAndBankingUITestsLaunchTests.swift */ = {isa = PBXFileReference; lastKnownFileType = sourcecode.swift; path = StocksAndBankingUITestsLaunchTests.swift; sourceTree = "<group>"; };
		6A8132A62B4D835400B22316 /* APICaller.swift */ = {isa = PBXFileReference; lastKnownFileType = sourcecode.swift; path = APICaller.swift; sourceTree = "<group>"; };
		6A8132A82B4D836600B22316 /* PersistanceManager.swift */ = {isa = PBXFileReference; lastKnownFileType = sourcecode.swift; path = PersistanceManager.swift; sourceTree = "<group>"; };
		6A8132AA2B4D837700B22316 /* HapticsManager.swift */ = {isa = PBXFileReference; lastKnownFileType = sourcecode.swift; path = HapticsManager.swift; sourceTree = "<group>"; };
		6A8132AC2B4D83CE00B22316 /* WatchListViewController.swift */ = {isa = PBXFileReference; lastKnownFileType = sourcecode.swift; path = WatchListViewController.swift; sourceTree = "<group>"; };
		6A8132AE2B4D83E000B22316 /* NewsViewController.swift */ = {isa = PBXFileReference; lastKnownFileType = sourcecode.swift; path = NewsViewController.swift; sourceTree = "<group>"; };
		6A8132B02B4D840100B22316 /* SearchResultsViewController.swift */ = {isa = PBXFileReference; lastKnownFileType = sourcecode.swift; path = SearchResultsViewController.swift; sourceTree = "<group>"; };
		6A8132B22B4D841000B22316 /* StockDetailsViewController.swift */ = {isa = PBXFileReference; lastKnownFileType = sourcecode.swift; path = StockDetailsViewController.swift; sourceTree = "<group>"; };
		6A8132B52B4D844A00B22316 /* SearchResultTableViewCell.swift */ = {isa = PBXFileReference; lastKnownFileType = sourcecode.swift; path = SearchResultTableViewCell.swift; sourceTree = "<group>"; };
		6A8132B72B4D846B00B22316 /* NewsHeaderView.swift */ = {isa = PBXFileReference; lastKnownFileType = sourcecode.swift; path = NewsHeaderView.swift; sourceTree = "<group>"; };
		6A8132B92B4D849C00B22316 /* NewsStoryTableViewCell.swift */ = {isa = PBXFileReference; lastKnownFileType = sourcecode.swift; path = NewsStoryTableViewCell.swift; sourceTree = "<group>"; };
		6A8132BB2B4D84B100B22316 /* WatchListTableViewCell.swift */ = {isa = PBXFileReference; lastKnownFileType = sourcecode.swift; path = WatchListTableViewCell.swift; sourceTree = "<group>"; };
		6A8132BD2B4D84D100B22316 /* StockChartView.swift */ = {isa = PBXFileReference; lastKnownFileType = sourcecode.swift; path = StockChartView.swift; sourceTree = "<group>"; };
		6A8132BF2B4D850500B22316 /* StockDetailHeaderView.swift */ = {isa = PBXFileReference; lastKnownFileType = sourcecode.swift; path = StockDetailHeaderView.swift; sourceTree = "<group>"; };
		6A8132C12B4D852300B22316 /* MetricCollectionViewCell.swift */ = {isa = PBXFileReference; lastKnownFileType = sourcecode.swift; path = MetricCollectionViewCell.swift; sourceTree = "<group>"; };
		6A8132C32B4D854200B22316 /* SearchResponse.swift */ = {isa = PBXFileReference; lastKnownFileType = sourcecode.swift; path = SearchResponse.swift; sourceTree = "<group>"; };
		6A8132C52B4D855300B22316 /* NewsStory.swift */ = {isa = PBXFileReference; lastKnownFileType = sourcecode.swift; path = NewsStory.swift; sourceTree = "<group>"; };
		6A8132C72B4D857200B22316 /* MarketDataResponse.swift */ = {isa = PBXFileReference; lastKnownFileType = sourcecode.swift; path = MarketDataResponse.swift; sourceTree = "<group>"; };
		6A8132C92B4D85A100B22316 /* FinancialMetricsResponse.swift */ = {isa = PBXFileReference; lastKnownFileType = sourcecode.swift; path = FinancialMetricsResponse.swift; sourceTree = "<group>"; };
		6A8132CB2B4D85E100B22316 /* Extensions.swift */ = {isa = PBXFileReference; lastKnownFileType = sourcecode.swift; path = Extensions.swift; sourceTree = "<group>"; };
		79C95EC25DB8100F740DEED3 /* Pods-StocksAndBanking.release.xcconfig */ = {isa = PBXFileReference; includeInIndex = 1; lastKnownFileType = text.xcconfig; name = "Pods-StocksAndBanking.release.xcconfig"; path = "Target Support Files/Pods-StocksAndBanking/Pods-StocksAndBanking.release.xcconfig"; sourceTree = "<group>"; };
		91DEAD1AA3F3C71E1E66DD43 /* Pods-StocksAndBankingTests.debug.xcconfig */ = {isa = PBXFileReference; includeInIndex = 1; lastKnownFileType = text.xcconfig; name = "Pods-StocksAndBankingTests.debug.xcconfig"; path = "Target Support Files/Pods-StocksAndBankingTests/Pods-StocksAndBankingTests.debug.xcconfig"; sourceTree = "<group>"; };
		9EE1A9E2C81115A8BA6C5B04 /* Pods_StocksAndBankingTests.framework */ = {isa = PBXFileReference; explicitFileType = wrapper.framework; includeInIndex = 0; path = Pods_StocksAndBankingTests.framework; sourceTree = BUILT_PRODUCTS_DIR; };
		A4F355670DB9E4923F34A7EE /* Pods-StocksAndBanking.debug.xcconfig */ = {isa = PBXFileReference; includeInIndex = 1; lastKnownFileType = text.xcconfig; name = "Pods-StocksAndBanking.debug.xcconfig"; path = "Target Support Files/Pods-StocksAndBanking/Pods-StocksAndBanking.debug.xcconfig"; sourceTree = "<group>"; };
		D075115AEC7662A4B5D0BD72 /* Pods-StocksAndBanking-StocksAndBankingUITests.debug.xcconfig */ = {isa = PBXFileReference; includeInIndex = 1; lastKnownFileType = text.xcconfig; name = "Pods-StocksAndBanking-StocksAndBankingUITests.debug.xcconfig"; path = "Target Support Files/Pods-StocksAndBanking-StocksAndBankingUITests/Pods-StocksAndBanking-StocksAndBankingUITests.debug.xcconfig"; sourceTree = "<group>"; };
		D1BE9F7D50DBEE9FA12698CF /* Pods_StocksAndBanking_StocksAndBankingUITests.framework */ = {isa = PBXFileReference; explicitFileType = wrapper.framework; includeInIndex = 0; path = Pods_StocksAndBanking_StocksAndBankingUITests.framework; sourceTree = BUILT_PRODUCTS_DIR; };
		FEE042AB2DCCCA14207F5161 /* Pods_StocksAndBanking.framework */ = {isa = PBXFileReference; explicitFileType = wrapper.framework; includeInIndex = 0; path = Pods_StocksAndBanking.framework; sourceTree = BUILT_PRODUCTS_DIR; };
/* End PBXFileReference section */

/* Begin PBXFrameworksBuildPhase section */
		6A1AA41B2B4D5FDA00B1A624 /* Frameworks */ = {
			isa = PBXFrameworksBuildPhase;
			buildActionMask = 2147483647;
			files = (
				966FF240FBE9A5FE2151D3D6 /* Pods_StocksAndBanking.framework in Frameworks */,
			);
			runOnlyForDeploymentPostprocessing = 0;
		};
		6A1AA4312B4D5FDA00B1A624 /* Frameworks */ = {
			isa = PBXFrameworksBuildPhase;
			buildActionMask = 2147483647;
			files = (
				54EBA5E33D2FE04AEF794769 /* Pods_StocksAndBankingTests.framework in Frameworks */,
			);
			runOnlyForDeploymentPostprocessing = 0;
		};
		6A1AA43B2B4D5FDB00B1A624 /* Frameworks */ = {
			isa = PBXFrameworksBuildPhase;
			buildActionMask = 2147483647;
			files = (
				FB2D0B7E57D51EB6FF80CD7D /* Pods_StocksAndBanking_StocksAndBankingUITests.framework in Frameworks */,
			);
			runOnlyForDeploymentPostprocessing = 0;
		};
/* End PBXFrameworksBuildPhase section */

/* Begin PBXGroup section */
		41B4C5AE389FF547A69DFD91 /* Frameworks */ = {
			isa = PBXGroup;
			children = (
				FEE042AB2DCCCA14207F5161 /* Pods_StocksAndBanking.framework */,
				D1BE9F7D50DBEE9FA12698CF /* Pods_StocksAndBanking_StocksAndBankingUITests.framework */,
				9EE1A9E2C81115A8BA6C5B04 /* Pods_StocksAndBankingTests.framework */,
			);
			name = Frameworks;
			sourceTree = "<group>";
		};
		6A1AA4152B4D5FDA00B1A624 = {
			isa = PBXGroup;
			children = (
				6A1AA4202B4D5FDA00B1A624 /* StocksAndBanking */,
				6A1AA4372B4D5FDA00B1A624 /* StocksAndBankingTests */,
				6A1AA4412B4D5FDB00B1A624 /* StocksAndBankingUITests */,
				6A1AA41F2B4D5FDA00B1A624 /* Products */,
				C7E247E7BBC59CE3E6AC1D95 /* Pods */,
				41B4C5AE389FF547A69DFD91 /* Frameworks */,
			);
			sourceTree = "<group>";
		};
		6A1AA41F2B4D5FDA00B1A624 /* Products */ = {
			isa = PBXGroup;
			children = (
				6A1AA41E2B4D5FDA00B1A624 /* StocksAndBanking.app */,
				6A1AA4342B4D5FDA00B1A624 /* StocksAndBankingTests.xctest */,
				6A1AA43E2B4D5FDB00B1A624 /* StocksAndBankingUITests.xctest */,
			);
			name = Products;
			sourceTree = "<group>";
		};
		6A1AA4202B4D5FDA00B1A624 /* StocksAndBanking */ = {
			isa = PBXGroup;
			children = (
				6A8132A52B4D830600B22316 /* Others */,
				6A8132A42B4D82FA00B22316 /* Managers */,
				6A8132A32B4D82E300B22316 /* Controllers */,
				6A8132A22B4D82DD00B22316 /* Views */,
				6A8132A12B4D82D600B22316 /* Models */,
				6A1AA42F2B4D5FDA00B1A624 /* Info.plist */,
			);
			path = StocksAndBanking;
			sourceTree = "<group>";
		};
		6A1AA4372B4D5FDA00B1A624 /* StocksAndBankingTests */ = {
			isa = PBXGroup;
			children = (
				6A1AA4382B4D5FDA00B1A624 /* StocksAndBankingTests.swift */,
			);
			path = StocksAndBankingTests;
			sourceTree = "<group>";
		};
		6A1AA4412B4D5FDB00B1A624 /* StocksAndBankingUITests */ = {
			isa = PBXGroup;
			children = (
				6A1AA4422B4D5FDB00B1A624 /* StocksAndBankingUITests.swift */,
				6A1AA4442B4D5FDB00B1A624 /* StocksAndBankingUITestsLaunchTests.swift */,
			);
			path = StocksAndBankingUITests;
			sourceTree = "<group>";
		};
		6A8132A12B4D82D600B22316 /* Models */ = {
			isa = PBXGroup;
			children = (
				6A8132C32B4D854200B22316 /* SearchResponse.swift */,
				6A8132C52B4D855300B22316 /* NewsStory.swift */,
				6A8132C72B4D857200B22316 /* MarketDataResponse.swift */,
				6A8132C92B4D85A100B22316 /* FinancialMetricsResponse.swift */,
			);
			path = Models;
			sourceTree = "<group>";
		};
		6A8132A22B4D82DD00B22316 /* Views */ = {
			isa = PBXGroup;
			children = (
				6A1AA42C2B4D5FDA00B1A624 /* LaunchScreen.storyboard */,
				6A8132B52B4D844A00B22316 /* SearchResultTableViewCell.swift */,
				6A8132B72B4D846B00B22316 /* NewsHeaderView.swift */,
				6A8132B92B4D849C00B22316 /* NewsStoryTableViewCell.swift */,
				6A8132BB2B4D84B100B22316 /* WatchListTableViewCell.swift */,
				6A8132BD2B4D84D100B22316 /* StockChartView.swift */,
				6A8132BF2B4D850500B22316 /* StockDetailHeaderView.swift */,
				6A8132C12B4D852300B22316 /* MetricCollectionViewCell.swift */,
			);
			path = Views;
			sourceTree = "<group>";
		};
		6A8132A32B4D82E300B22316 /* Controllers */ = {
			isa = PBXGroup;
			children = (
				6A8132AC2B4D83CE00B22316 /* WatchListViewController.swift */,
				6A8132AE2B4D83E000B22316 /* NewsViewController.swift */,
				6A8132B02B4D840100B22316 /* SearchResultsViewController.swift */,
				6A8132B22B4D841000B22316 /* StockDetailsViewController.swift */,
			);
			path = Controllers;
			sourceTree = "<group>";
		};
		6A8132A42B4D82FA00B22316 /* Managers */ = {
			isa = PBXGroup;
			children = (
				6A8132A62B4D835400B22316 /* APICaller.swift */,
				6A8132A82B4D836600B22316 /* PersistanceManager.swift */,
				6A8132AA2B4D837700B22316 /* HapticsManager.swift */,
			);
			path = Managers;
			sourceTree = "<group>";
		};
		6A8132A52B4D830600B22316 /* Others */ = {
			isa = PBXGroup;
			children = (
				6A1AA42A2B4D5FDA00B1A624 /* Assets.xcassets */,
				6A1AA4212B4D5FDA00B1A624 /* AppDelegate.swift */,
				6A1AA4232B4D5FDA00B1A624 /* SceneDelegate.swift */,
				6A8132CB2B4D85E100B22316 /* Extensions.swift */,
			);
			path = Others;
			sourceTree = "<group>";
		};
		C7E247E7BBC59CE3E6AC1D95 /* Pods */ = {
			isa = PBXGroup;
			children = (
				A4F355670DB9E4923F34A7EE /* Pods-StocksAndBanking.debug.xcconfig */,
				79C95EC25DB8100F740DEED3 /* Pods-StocksAndBanking.release.xcconfig */,
				D075115AEC7662A4B5D0BD72 /* Pods-StocksAndBanking-StocksAndBankingUITests.debug.xcconfig */,
				5E3D5AD49F11B53ACDA72B2D /* Pods-StocksAndBanking-StocksAndBankingUITests.release.xcconfig */,
				91DEAD1AA3F3C71E1E66DD43 /* Pods-StocksAndBankingTests.debug.xcconfig */,
				0C9900173B3F8B5AD224E9AE /* Pods-StocksAndBankingTests.release.xcconfig */,
			);
			path = Pods;
			sourceTree = "<group>";
		};
/* End PBXGroup section */

/* Begin PBXNativeTarget section */
		6A1AA41D2B4D5FDA00B1A624 /* StocksAndBanking */ = {
			isa = PBXNativeTarget;
			buildConfigurationList = 6A1AA4482B4D5FDB00B1A624 /* Build configuration list for PBXNativeTarget "StocksAndBanking" */;
			buildPhases = (
				0F98D8C1E584D7C77FE4A629 /* [CP] Check Pods Manifest.lock */,
				6A1AA41A2B4D5FDA00B1A624 /* Sources */,
				6A1AA41B2B4D5FDA00B1A624 /* Frameworks */,
				6A1AA41C2B4D5FDA00B1A624 /* Resources */,
				E8D8D21538A67C42BB40A65A /* [CP] Embed Pods Frameworks */,
			);
			buildRules = (
			);
			dependencies = (
			);
			name = StocksAndBanking;
			productName = StocksAndBanking;
			productReference = 6A1AA41E2B4D5FDA00B1A624 /* StocksAndBanking.app */;
			productType = "com.apple.product-type.application";
		};
		6A1AA4332B4D5FDA00B1A624 /* StocksAndBankingTests */ = {
			isa = PBXNativeTarget;
			buildConfigurationList = 6A1AA44B2B4D5FDB00B1A624 /* Build configuration list for PBXNativeTarget "StocksAndBankingTests" */;
			buildPhases = (
				D4A07C242406B0C3937802D4 /* [CP] Check Pods Manifest.lock */,
				6A1AA4302B4D5FDA00B1A624 /* Sources */,
				6A1AA4312B4D5FDA00B1A624 /* Frameworks */,
				6A1AA4322B4D5FDA00B1A624 /* Resources */,
			);
			buildRules = (
			);
			dependencies = (
				6A1AA4362B4D5FDA00B1A624 /* PBXTargetDependency */,
			);
			name = StocksAndBankingTests;
			productName = StocksAndBankingTests;
			productReference = 6A1AA4342B4D5FDA00B1A624 /* StocksAndBankingTests.xctest */;
			productType = "com.apple.product-type.bundle.unit-test";
		};
		6A1AA43D2B4D5FDB00B1A624 /* StocksAndBankingUITests */ = {
			isa = PBXNativeTarget;
			buildConfigurationList = 6A1AA44E2B4D5FDB00B1A624 /* Build configuration list for PBXNativeTarget "StocksAndBankingUITests" */;
			buildPhases = (
				21AD5601AC2DED4492FD9091 /* [CP] Check Pods Manifest.lock */,
				6A1AA43A2B4D5FDB00B1A624 /* Sources */,
				6A1AA43B2B4D5FDB00B1A624 /* Frameworks */,
				6A1AA43C2B4D5FDB00B1A624 /* Resources */,
				203B18C8679D48BB6954771F /* [CP] Embed Pods Frameworks */,
			);
			buildRules = (
			);
			dependencies = (
				6A1AA4402B4D5FDB00B1A624 /* PBXTargetDependency */,
			);
			name = StocksAndBankingUITests;
			productName = StocksAndBankingUITests;
			productReference = 6A1AA43E2B4D5FDB00B1A624 /* StocksAndBankingUITests.xctest */;
			productType = "com.apple.product-type.bundle.ui-testing";
		};
/* End PBXNativeTarget section */

/* Begin PBXProject section */
		6A1AA4162B4D5FDA00B1A624 /* Project object */ = {
			isa = PBXProject;
			attributes = {
				BuildIndependentTargetsInParallel = 1;
				LastSwiftUpdateCheck = 1510;
				LastUpgradeCheck = 1510;
				TargetAttributes = {
					6A1AA41D2B4D5FDA00B1A624 = {
						CreatedOnToolsVersion = 15.1;
					};
					6A1AA4332B4D5FDA00B1A624 = {
						CreatedOnToolsVersion = 15.1;
						TestTargetID = 6A1AA41D2B4D5FDA00B1A624;
					};
					6A1AA43D2B4D5FDB00B1A624 = {
						CreatedOnToolsVersion = 15.1;
						TestTargetID = 6A1AA41D2B4D5FDA00B1A624;
					};
				};
			};
			buildConfigurationList = 6A1AA4192B4D5FDA00B1A624 /* Build configuration list for PBXProject "StocksAndBanking" */;
			compatibilityVersion = "Xcode 14.0";
			developmentRegion = en;
			hasScannedForEncodings = 0;
			knownRegions = (
				en,
				Base,
			);
			mainGroup = 6A1AA4152B4D5FDA00B1A624;
			productRefGroup = 6A1AA41F2B4D5FDA00B1A624 /* Products */;
			projectDirPath = "";
			projectRoot = "";
			targets = (
				6A1AA41D2B4D5FDA00B1A624 /* StocksAndBanking */,
				6A1AA4332B4D5FDA00B1A624 /* StocksAndBankingTests */,
				6A1AA43D2B4D5FDB00B1A624 /* StocksAndBankingUITests */,
			);
		};
/* End PBXProject section */

/* Begin PBXResourcesBuildPhase section */
		6A1AA41C2B4D5FDA00B1A624 /* Resources */ = {
			isa = PBXResourcesBuildPhase;
			buildActionMask = 2147483647;
			files = (
				6A1AA42E2B4D5FDA00B1A624 /* LaunchScreen.storyboard in Resources */,
				6A1AA42B2B4D5FDA00B1A624 /* Assets.xcassets in Resources */,
			);
			runOnlyForDeploymentPostprocessing = 0;
		};
		6A1AA4322B4D5FDA00B1A624 /* Resources */ = {
			isa = PBXResourcesBuildPhase;
			buildActionMask = 2147483647;
			files = (
			);
			runOnlyForDeploymentPostprocessing = 0;
		};
		6A1AA43C2B4D5FDB00B1A624 /* Resources */ = {
			isa = PBXResourcesBuildPhase;
			buildActionMask = 2147483647;
			files = (
			);
			runOnlyForDeploymentPostprocessing = 0;
		};
/* End PBXResourcesBuildPhase section */

/* Begin PBXShellScriptBuildPhase section */
		0F98D8C1E584D7C77FE4A629 /* [CP] Check Pods Manifest.lock */ = {
			isa = PBXShellScriptBuildPhase;
			buildActionMask = 2147483647;
			files = (
			);
			inputFileListPaths = (
			);
			inputPaths = (
				"${PODS_PODFILE_DIR_PATH}/Podfile.lock",
				"${PODS_ROOT}/Manifest.lock",
			);
			name = "[CP] Check Pods Manifest.lock";
			outputFileListPaths = (
			);
			outputPaths = (
				"$(DERIVED_FILE_DIR)/Pods-StocksAndBanking-checkManifestLockResult.txt",
			);
			runOnlyForDeploymentPostprocessing = 0;
			shellPath = /bin/sh;
			shellScript = "diff \"${PODS_PODFILE_DIR_PATH}/Podfile.lock\" \"${PODS_ROOT}/Manifest.lock\" > /dev/null\nif [ $? != 0 ] ; then\n    # print error to STDERR\n    echo \"error: The sandbox is not in sync with the Podfile.lock. Run 'pod install' or update your CocoaPods installation.\" >&2\n    exit 1\nfi\n# This output is used by Xcode 'outputs' to avoid re-running this script phase.\necho \"SUCCESS\" > \"${SCRIPT_OUTPUT_FILE_0}\"\n";
			showEnvVarsInLog = 0;
		};
		203B18C8679D48BB6954771F /* [CP] Embed Pods Frameworks */ = {
			isa = PBXShellScriptBuildPhase;
			buildActionMask = 2147483647;
			files = (
			);
			inputFileListPaths = (
				"${PODS_ROOT}/Target Support Files/Pods-StocksAndBanking-StocksAndBankingUITests/Pods-StocksAndBanking-StocksAndBankingUITests-frameworks-${CONFIGURATION}-input-files.xcfilelist",
			);
			name = "[CP] Embed Pods Frameworks";
			outputFileListPaths = (
				"${PODS_ROOT}/Target Support Files/Pods-StocksAndBanking-StocksAndBankingUITests/Pods-StocksAndBanking-StocksAndBankingUITests-frameworks-${CONFIGURATION}-output-files.xcfilelist",
			);
			runOnlyForDeploymentPostprocessing = 0;
			shellPath = /bin/sh;
			shellScript = "\"${PODS_ROOT}/Target Support Files/Pods-StocksAndBanking-StocksAndBankingUITests/Pods-StocksAndBanking-StocksAndBankingUITests-frameworks.sh\"\n";
			showEnvVarsInLog = 0;
		};
		21AD5601AC2DED4492FD9091 /* [CP] Check Pods Manifest.lock */ = {
			isa = PBXShellScriptBuildPhase;
			buildActionMask = 2147483647;
			files = (
			);
			inputFileListPaths = (
			);
			inputPaths = (
				"${PODS_PODFILE_DIR_PATH}/Podfile.lock",
				"${PODS_ROOT}/Manifest.lock",
			);
			name = "[CP] Check Pods Manifest.lock";
			outputFileListPaths = (
			);
			outputPaths = (
				"$(DERIVED_FILE_DIR)/Pods-StocksAndBanking-StocksAndBankingUITests-checkManifestLockResult.txt",
			);
			runOnlyForDeploymentPostprocessing = 0;
			shellPath = /bin/sh;
			shellScript = "diff \"${PODS_PODFILE_DIR_PATH}/Podfile.lock\" \"${PODS_ROOT}/Manifest.lock\" > /dev/null\nif [ $? != 0 ] ; then\n    # print error to STDERR\n    echo \"error: The sandbox is not in sync with the Podfile.lock. Run 'pod install' or update your CocoaPods installation.\" >&2\n    exit 1\nfi\n# This output is used by Xcode 'outputs' to avoid re-running this script phase.\necho \"SUCCESS\" > \"${SCRIPT_OUTPUT_FILE_0}\"\n";
			showEnvVarsInLog = 0;
		};
		D4A07C242406B0C3937802D4 /* [CP] Check Pods Manifest.lock */ = {
			isa = PBXShellScriptBuildPhase;
			buildActionMask = 2147483647;
			files = (
			);
			inputFileListPaths = (
			);
			inputPaths = (
				"${PODS_PODFILE_DIR_PATH}/Podfile.lock",
				"${PODS_ROOT}/Manifest.lock",
			);
			name = "[CP] Check Pods Manifest.lock";
			outputFileListPaths = (
			);
			outputPaths = (
				"$(DERIVED_FILE_DIR)/Pods-StocksAndBankingTests-checkManifestLockResult.txt",
			);
			runOnlyForDeploymentPostprocessing = 0;
			shellPath = /bin/sh;
			shellScript = "diff \"${PODS_PODFILE_DIR_PATH}/Podfile.lock\" \"${PODS_ROOT}/Manifest.lock\" > /dev/null\nif [ $? != 0 ] ; then\n    # print error to STDERR\n    echo \"error: The sandbox is not in sync with the Podfile.lock. Run 'pod install' or update your CocoaPods installation.\" >&2\n    exit 1\nfi\n# This output is used by Xcode 'outputs' to avoid re-running this script phase.\necho \"SUCCESS\" > \"${SCRIPT_OUTPUT_FILE_0}\"\n";
			showEnvVarsInLog = 0;
		};
		E8D8D21538A67C42BB40A65A /* [CP] Embed Pods Frameworks */ = {
			isa = PBXShellScriptBuildPhase;
			buildActionMask = 2147483647;
			files = (
			);
			inputFileListPaths = (
				"${PODS_ROOT}/Target Support Files/Pods-StocksAndBanking/Pods-StocksAndBanking-frameworks-${CONFIGURATION}-input-files.xcfilelist",
			);
			name = "[CP] Embed Pods Frameworks";
			outputFileListPaths = (
				"${PODS_ROOT}/Target Support Files/Pods-StocksAndBanking/Pods-StocksAndBanking-frameworks-${CONFIGURATION}-output-files.xcfilelist",
			);
			runOnlyForDeploymentPostprocessing = 0;
			shellPath = /bin/sh;
			shellScript = "\"${PODS_ROOT}/Target Support Files/Pods-StocksAndBanking/Pods-StocksAndBanking-frameworks.sh\"\n";
			showEnvVarsInLog = 0;
		};
/* End PBXShellScriptBuildPhase section */

/* Begin PBXSourcesBuildPhase section */
		6A1AA41A2B4D5FDA00B1A624 /* Sources */ = {
			isa = PBXSourcesBuildPhase;
			buildActionMask = 2147483647;
			files = (
				6A8132AB2B4D837700B22316 /* HapticsManager.swift in Sources */,
				6A8132BE2B4D84D100B22316 /* StockChartView.swift in Sources */,
				6A8132B12B4D840100B22316 /* SearchResultsViewController.swift in Sources */,
				6A8132A92B4D836600B22316 /* PersistanceManager.swift in Sources */,
				6A8132C62B4D855300B22316 /* NewsStory.swift in Sources */,
				6A8132C22B4D852300B22316 /* MetricCollectionViewCell.swift in Sources */,
				6A1AA4222B4D5FDA00B1A624 /* AppDelegate.swift in Sources */,
				6A1AA4242B4D5FDA00B1A624 /* SceneDelegate.swift in Sources */,
				6A8132B82B4D846B00B22316 /* NewsHeaderView.swift in Sources */,
				6A8132AF2B4D83E000B22316 /* NewsViewController.swift in Sources */,
				6A8132BC2B4D84B100B22316 /* WatchListTableViewCell.swift in Sources */,
				6A8132B62B4D844A00B22316 /* SearchResultTableViewCell.swift in Sources */,
				6A8132CA2B4D85A100B22316 /* FinancialMetricsResponse.swift in Sources */,
				6A8132CC2B4D85E100B22316 /* Extensions.swift in Sources */,
				6A8132BA2B4D849C00B22316 /* NewsStoryTableViewCell.swift in Sources */,
				6A8132C42B4D854200B22316 /* SearchResponse.swift in Sources */,
				6A8132B32B4D841000B22316 /* StockDetailsViewController.swift in Sources */,
				6A8132C02B4D850500B22316 /* StockDetailHeaderView.swift in Sources */,
				6A8132C82B4D857200B22316 /* MarketDataResponse.swift in Sources */,
				6A8132AD2B4D83CE00B22316 /* WatchListViewController.swift in Sources */,
				6A8132A72B4D835400B22316 /* APICaller.swift in Sources */,
			);
			runOnlyForDeploymentPostprocessing = 0;
		};
		6A1AA4302B4D5FDA00B1A624 /* Sources */ = {
			isa = PBXSourcesBuildPhase;
			buildActionMask = 2147483647;
			files = (
				6A1AA4392B4D5FDA00B1A624 /* StocksAndBankingTests.swift in Sources */,
			);
			runOnlyForDeploymentPostprocessing = 0;
		};
		6A1AA43A2B4D5FDB00B1A624 /* Sources */ = {
			isa = PBXSourcesBuildPhase;
			buildActionMask = 2147483647;
			files = (
				6A1AA4452B4D5FDB00B1A624 /* StocksAndBankingUITestsLaunchTests.swift in Sources */,
				6A1AA4432B4D5FDB00B1A624 /* StocksAndBankingUITests.swift in Sources */,
			);
			runOnlyForDeploymentPostprocessing = 0;
		};
/* End PBXSourcesBuildPhase section */

/* Begin PBXTargetDependency section */
		6A1AA4362B4D5FDA00B1A624 /* PBXTargetDependency */ = {
			isa = PBXTargetDependency;
			target = 6A1AA41D2B4D5FDA00B1A624 /* StocksAndBanking */;
			targetProxy = 6A1AA4352B4D5FDA00B1A624 /* PBXContainerItemProxy */;
		};
		6A1AA4402B4D5FDB00B1A624 /* PBXTargetDependency */ = {
			isa = PBXTargetDependency;
			target = 6A1AA41D2B4D5FDA00B1A624 /* StocksAndBanking */;
			targetProxy = 6A1AA43F2B4D5FDB00B1A624 /* PBXContainerItemProxy */;
		};
/* End PBXTargetDependency section */

/* Begin PBXVariantGroup section */
		6A1AA42C2B4D5FDA00B1A624 /* LaunchScreen.storyboard */ = {
			isa = PBXVariantGroup;
			children = (
				6A1AA42D2B4D5FDA00B1A624 /* Base */,
			);
			name = LaunchScreen.storyboard;
			sourceTree = "<group>";
		};
/* End PBXVariantGroup section */

/* Begin XCBuildConfiguration section */
		6A1AA4462B4D5FDB00B1A624 /* Debug */ = {
			isa = XCBuildConfiguration;
			buildSettings = {
				ALWAYS_SEARCH_USER_PATHS = NO;
				ASSETCATALOG_COMPILER_GENERATE_SWIFT_ASSET_SYMBOL_EXTENSIONS = YES;
				CLANG_ANALYZER_NONNULL = YES;
				CLANG_ANALYZER_NUMBER_OBJECT_CONVERSION = YES_AGGRESSIVE;
				CLANG_CXX_LANGUAGE_STANDARD = "gnu++20";
				CLANG_ENABLE_MODULES = YES;
				CLANG_ENABLE_OBJC_ARC = YES;
				CLANG_ENABLE_OBJC_WEAK = YES;
				CLANG_WARN_BLOCK_CAPTURE_AUTORELEASING = YES;
				CLANG_WARN_BOOL_CONVERSION = YES;
				CLANG_WARN_COMMA = YES;
				CLANG_WARN_CONSTANT_CONVERSION = YES;
				CLANG_WARN_DEPRECATED_OBJC_IMPLEMENTATIONS = YES;
				CLANG_WARN_DIRECT_OBJC_ISA_USAGE = YES_ERROR;
				CLANG_WARN_DOCUMENTATION_COMMENTS = YES;
				CLANG_WARN_EMPTY_BODY = YES;
				CLANG_WARN_ENUM_CONVERSION = YES;
				CLANG_WARN_INFINITE_RECURSION = YES;
				CLANG_WARN_INT_CONVERSION = YES;
				CLANG_WARN_NON_LITERAL_NULL_CONVERSION = YES;
				CLANG_WARN_OBJC_IMPLICIT_RETAIN_SELF = YES;
				CLANG_WARN_OBJC_LITERAL_CONVERSION = YES;
				CLANG_WARN_OBJC_ROOT_CLASS = YES_ERROR;
				CLANG_WARN_QUOTED_INCLUDE_IN_FRAMEWORK_HEADER = YES;
				CLANG_WARN_RANGE_LOOP_ANALYSIS = YES;
				CLANG_WARN_STRICT_PROTOTYPES = YES;
				CLANG_WARN_SUSPICIOUS_MOVE = YES;
				CLANG_WARN_UNGUARDED_AVAILABILITY = YES_AGGRESSIVE;
				CLANG_WARN_UNREACHABLE_CODE = YES;
				CLANG_WARN__DUPLICATE_METHOD_MATCH = YES;
				COPY_PHASE_STRIP = NO;
				DEBUG_INFORMATION_FORMAT = dwarf;
				ENABLE_STRICT_OBJC_MSGSEND = YES;
				ENABLE_TESTABILITY = YES;
				ENABLE_USER_SCRIPT_SANDBOXING = YES;
				GCC_C_LANGUAGE_STANDARD = gnu17;
				GCC_DYNAMIC_NO_PIC = NO;
				GCC_NO_COMMON_BLOCKS = YES;
				GCC_OPTIMIZATION_LEVEL = 0;
				GCC_PREPROCESSOR_DEFINITIONS = (
					"DEBUG=1",
					"$(inherited)",
				);
				GCC_WARN_64_TO_32_BIT_CONVERSION = YES;
				GCC_WARN_ABOUT_RETURN_TYPE = YES_ERROR;
				GCC_WARN_UNDECLARED_SELECTOR = YES;
				GCC_WARN_UNINITIALIZED_AUTOS = YES_AGGRESSIVE;
				GCC_WARN_UNUSED_FUNCTION = YES;
				GCC_WARN_UNUSED_VARIABLE = YES;
				IPHONEOS_DEPLOYMENT_TARGET = 17.2;
				LOCALIZATION_PREFERS_STRING_CATALOGS = YES;
				MTL_ENABLE_DEBUG_INFO = INCLUDE_SOURCE;
				MTL_FAST_MATH = YES;
				ONLY_ACTIVE_ARCH = YES;
				SDKROOT = iphoneos;
				SWIFT_ACTIVE_COMPILATION_CONDITIONS = "DEBUG $(inherited)";
				SWIFT_OPTIMIZATION_LEVEL = "-Onone";
			};
			name = Debug;
		};
		6A1AA4472B4D5FDB00B1A624 /* Release */ = {
			isa = XCBuildConfiguration;
			buildSettings = {
				ALWAYS_SEARCH_USER_PATHS = NO;
				ASSETCATALOG_COMPILER_GENERATE_SWIFT_ASSET_SYMBOL_EXTENSIONS = YES;
				CLANG_ANALYZER_NONNULL = YES;
				CLANG_ANALYZER_NUMBER_OBJECT_CONVERSION = YES_AGGRESSIVE;
				CLANG_CXX_LANGUAGE_STANDARD = "gnu++20";
				CLANG_ENABLE_MODULES = YES;
				CLANG_ENABLE_OBJC_ARC = YES;
				CLANG_ENABLE_OBJC_WEAK = YES;
				CLANG_WARN_BLOCK_CAPTURE_AUTORELEASING = YES;
				CLANG_WARN_BOOL_CONVERSION = YES;
				CLANG_WARN_COMMA = YES;
				CLANG_WARN_CONSTANT_CONVERSION = YES;
				CLANG_WARN_DEPRECATED_OBJC_IMPLEMENTATIONS = YES;
				CLANG_WARN_DIRECT_OBJC_ISA_USAGE = YES_ERROR;
				CLANG_WARN_DOCUMENTATION_COMMENTS = YES;
				CLANG_WARN_EMPTY_BODY = YES;
				CLANG_WARN_ENUM_CONVERSION = YES;
				CLANG_WARN_INFINITE_RECURSION = YES;
				CLANG_WARN_INT_CONVERSION = YES;
				CLANG_WARN_NON_LITERAL_NULL_CONVERSION = YES;
				CLANG_WARN_OBJC_IMPLICIT_RETAIN_SELF = YES;
				CLANG_WARN_OBJC_LITERAL_CONVERSION = YES;
				CLANG_WARN_OBJC_ROOT_CLASS = YES_ERROR;
				CLANG_WARN_QUOTED_INCLUDE_IN_FRAMEWORK_HEADER = YES;
				CLANG_WARN_RANGE_LOOP_ANALYSIS = YES;
				CLANG_WARN_STRICT_PROTOTYPES = YES;
				CLANG_WARN_SUSPICIOUS_MOVE = YES;
				CLANG_WARN_UNGUARDED_AVAILABILITY = YES_AGGRESSIVE;
				CLANG_WARN_UNREACHABLE_CODE = YES;
				CLANG_WARN__DUPLICATE_METHOD_MATCH = YES;
				COPY_PHASE_STRIP = NO;
				DEBUG_INFORMATION_FORMAT = "dwarf-with-dsym";
				ENABLE_NS_ASSERTIONS = NO;
				ENABLE_STRICT_OBJC_MSGSEND = YES;
				ENABLE_USER_SCRIPT_SANDBOXING = YES;
				GCC_C_LANGUAGE_STANDARD = gnu17;
				GCC_NO_COMMON_BLOCKS = YES;
				GCC_WARN_64_TO_32_BIT_CONVERSION = YES;
				GCC_WARN_ABOUT_RETURN_TYPE = YES_ERROR;
				GCC_WARN_UNDECLARED_SELECTOR = YES;
				GCC_WARN_UNINITIALIZED_AUTOS = YES_AGGRESSIVE;
				GCC_WARN_UNUSED_FUNCTION = YES;
				GCC_WARN_UNUSED_VARIABLE = YES;
				IPHONEOS_DEPLOYMENT_TARGET = 17.2;
				LOCALIZATION_PREFERS_STRING_CATALOGS = YES;
				MTL_ENABLE_DEBUG_INFO = NO;
				MTL_FAST_MATH = YES;
				SDKROOT = iphoneos;
				SWIFT_COMPILATION_MODE = wholemodule;
				VALIDATE_PRODUCT = YES;
			};
			name = Release;
		};
		6A1AA4492B4D5FDB00B1A624 /* Debug */ = {
			isa = XCBuildConfiguration;
			baseConfigurationReference = A4F355670DB9E4923F34A7EE /* Pods-StocksAndBanking.debug.xcconfig */;
			buildSettings = {
				ASSETCATALOG_COMPILER_APPICON_NAME = AppIcon;
				ASSETCATALOG_COMPILER_GLOBAL_ACCENT_COLOR_NAME = AccentColor;
				CODE_SIGN_STYLE = Automatic;
				CURRENT_PROJECT_VERSION = 1;
				DEVELOPMENT_TEAM = 244RFX44WS;
				ENABLE_USER_SCRIPT_SANDBOXING = NO;
				GENERATE_INFOPLIST_FILE = YES;
				INFOPLIST_FILE = StocksAndBanking/Info.plist;
				INFOPLIST_KEY_UIApplicationSupportsIndirectInputEvents = YES;
				INFOPLIST_KEY_UILaunchStoryboardName = LaunchScreen;
				INFOPLIST_KEY_UISupportedInterfaceOrientations_iPad = "UIInterfaceOrientationPortrait UIInterfaceOrientationPortraitUpsideDown UIInterfaceOrientationLandscapeLeft UIInterfaceOrientationLandscapeRight";
				INFOPLIST_KEY_UISupportedInterfaceOrientations_iPhone = "UIInterfaceOrientationPortrait UIInterfaceOrientationLandscapeLeft UIInterfaceOrientationLandscapeRight";
				IPHONEOS_DEPLOYMENT_TARGET = 13.0;
				LD_RUNPATH_SEARCH_PATHS = (
					"$(inherited)",
					"@executable_path/Frameworks",
				);
				MARKETING_VERSION = 1.0;
				PRODUCT_BUNDLE_IDENTIFIER = Saadet.StocksAndBanking;
				PRODUCT_NAME = "$(TARGET_NAME)";
				SWIFT_EMIT_LOC_STRINGS = YES;
				SWIFT_VERSION = 5.0;
				TARGETED_DEVICE_FAMILY = "1,2";
			};
			name = Debug;
		};
		6A1AA44A2B4D5FDB00B1A624 /* Release */ = {
			isa = XCBuildConfiguration;
			baseConfigurationReference = 79C95EC25DB8100F740DEED3 /* Pods-StocksAndBanking.release.xcconfig */;
			buildSettings = {
				ASSETCATALOG_COMPILER_APPICON_NAME = AppIcon;
				ASSETCATALOG_COMPILER_GLOBAL_ACCENT_COLOR_NAME = AccentColor;
				CODE_SIGN_STYLE = Automatic;
				CURRENT_PROJECT_VERSION = 1;
				DEVELOPMENT_TEAM = 244RFX44WS;
				ENABLE_USER_SCRIPT_SANDBOXING = NO;
				GENERATE_INFOPLIST_FILE = YES;
				INFOPLIST_FILE = StocksAndBanking/Info.plist;
				INFOPLIST_KEY_UIApplicationSupportsIndirectInputEvents = YES;
				INFOPLIST_KEY_UILaunchStoryboardName = LaunchScreen;
				INFOPLIST_KEY_UISupportedInterfaceOrientations_iPad = "UIInterfaceOrientationPortrait UIInterfaceOrientationPortraitUpsideDown UIInterfaceOrientationLandscapeLeft UIInterfaceOrientationLandscapeRight";
				INFOPLIST_KEY_UISupportedInterfaceOrientations_iPhone = "UIInterfaceOrientationPortrait UIInterfaceOrientationLandscapeLeft UIInterfaceOrientationLandscapeRight";
				IPHONEOS_DEPLOYMENT_TARGET = 13.0;
				LD_RUNPATH_SEARCH_PATHS = (
					"$(inherited)",
					"@executable_path/Frameworks",
				);
				MARKETING_VERSION = 1.0;
				PRODUCT_BUNDLE_IDENTIFIER = Saadet.StocksAndBanking;
				PRODUCT_NAME = "$(TARGET_NAME)";
				SWIFT_EMIT_LOC_STRINGS = YES;
				SWIFT_VERSION = 5.0;
				TARGETED_DEVICE_FAMILY = "1,2";
			};
			name = Release;
		};
		6A1AA44C2B4D5FDB00B1A624 /* Debug */ = {
			isa = XCBuildConfiguration;
			baseConfigurationReference = 91DEAD1AA3F3C71E1E66DD43 /* Pods-StocksAndBankingTests.debug.xcconfig */;
			buildSettings = {
				ALWAYS_EMBED_SWIFT_STANDARD_LIBRARIES = YES;
				BUNDLE_LOADER = "$(TEST_HOST)";
				CODE_SIGN_STYLE = Automatic;
				CURRENT_PROJECT_VERSION = 1;
				DEVELOPMENT_TEAM = 244RFX44WS;
				GENERATE_INFOPLIST_FILE = YES;
				IPHONEOS_DEPLOYMENT_TARGET = 17.2;
				MARKETING_VERSION = 1.0;
				PRODUCT_BUNDLE_IDENTIFIER = Saadet.StocksAndBankingTests;
				PRODUCT_NAME = "$(TARGET_NAME)";
				SWIFT_EMIT_LOC_STRINGS = NO;
				SWIFT_VERSION = 5.0;
				TARGETED_DEVICE_FAMILY = "1,2";
				TEST_HOST = "$(BUILT_PRODUCTS_DIR)/StocksAndBanking.app/$(BUNDLE_EXECUTABLE_FOLDER_PATH)/StocksAndBanking";
			};
			name = Debug;
		};
		6A1AA44D2B4D5FDB00B1A624 /* Release */ = {
			isa = XCBuildConfiguration;
			baseConfigurationReference = 0C9900173B3F8B5AD224E9AE /* Pods-StocksAndBankingTests.release.xcconfig */;
			buildSettings = {
				ALWAYS_EMBED_SWIFT_STANDARD_LIBRARIES = YES;
				BUNDLE_LOADER = "$(TEST_HOST)";
				CODE_SIGN_STYLE = Automatic;
				CURRENT_PROJECT_VERSION = 1;
				DEVELOPMENT_TEAM = 244RFX44WS;
				GENERATE_INFOPLIST_FILE = YES;
				IPHONEOS_DEPLOYMENT_TARGET = 17.2;
				MARKETING_VERSION = 1.0;
				PRODUCT_BUNDLE_IDENTIFIER = Saadet.StocksAndBankingTests;
				PRODUCT_NAME = "$(TARGET_NAME)";
				SWIFT_EMIT_LOC_STRINGS = NO;
				SWIFT_VERSION = 5.0;
				TARGETED_DEVICE_FAMILY = "1,2";
				TEST_HOST = "$(BUILT_PRODUCTS_DIR)/StocksAndBanking.app/$(BUNDLE_EXECUTABLE_FOLDER_PATH)/StocksAndBanking";
			};
			name = Release;
		};
		6A1AA44F2B4D5FDB00B1A624 /* Debug */ = {
			isa = XCBuildConfiguration;
			baseConfigurationReference = D075115AEC7662A4B5D0BD72 /* Pods-StocksAndBanking-StocksAndBankingUITests.debug.xcconfig */;
			buildSettings = {
				ALWAYS_EMBED_SWIFT_STANDARD_LIBRARIES = YES;
				CODE_SIGN_STYLE = Automatic;
				CURRENT_PROJECT_VERSION = 1;
				DEVELOPMENT_TEAM = 244RFX44WS;
				GENERATE_INFOPLIST_FILE = YES;
				MARKETING_VERSION = 1.0;
				PRODUCT_BUNDLE_IDENTIFIER = Saadet.StocksAndBankingUITests;
				PRODUCT_NAME = "$(TARGET_NAME)";
				SWIFT_EMIT_LOC_STRINGS = NO;
				SWIFT_VERSION = 5.0;
				TARGETED_DEVICE_FAMILY = "1,2";
				TEST_TARGET_NAME = StocksAndBanking;
			};
			name = Debug;
		};
		6A1AA4502B4D5FDB00B1A624 /* Release */ = {
			isa = XCBuildConfiguration;
			baseConfigurationReference = 5E3D5AD49F11B53ACDA72B2D /* Pods-StocksAndBanking-StocksAndBankingUITests.release.xcconfig */;
			buildSettings = {
				ALWAYS_EMBED_SWIFT_STANDARD_LIBRARIES = YES;
				CODE_SIGN_STYLE = Automatic;
				CURRENT_PROJECT_VERSION = 1;
				DEVELOPMENT_TEAM = 244RFX44WS;
				GENERATE_INFOPLIST_FILE = YES;
				MARKETING_VERSION = 1.0;
				PRODUCT_BUNDLE_IDENTIFIER = Saadet.StocksAndBankingUITests;
				PRODUCT_NAME = "$(TARGET_NAME)";
				SWIFT_EMIT_LOC_STRINGS = NO;
				SWIFT_VERSION = 5.0;
				TARGETED_DEVICE_FAMILY = "1,2";
				TEST_TARGET_NAME = StocksAndBanking;
			};
			name = Release;
		};
/* End XCBuildConfiguration section */

/* Begin XCConfigurationList section */
		6A1AA4192B4D5FDA00B1A624 /* Build configuration list for PBXProject "StocksAndBanking" */ = {
			isa = XCConfigurationList;
			buildConfigurations = (
				6A1AA4462B4D5FDB00B1A624 /* Debug */,
				6A1AA4472B4D5FDB00B1A624 /* Release */,
			);
			defaultConfigurationIsVisible = 0;
			defaultConfigurationName = Release;
		};
		6A1AA4482B4D5FDB00B1A624 /* Build configuration list for PBXNativeTarget "StocksAndBanking" */ = {
			isa = XCConfigurationList;
			buildConfigurations = (
				6A1AA4492B4D5FDB00B1A624 /* Debug */,
				6A1AA44A2B4D5FDB00B1A624 /* Release */,
			);
			defaultConfigurationIsVisible = 0;
			defaultConfigurationName = Release;
		};
		6A1AA44B2B4D5FDB00B1A624 /* Build configuration list for PBXNativeTarget "StocksAndBankingTests" */ = {
			isa = XCConfigurationList;
			buildConfigurations = (
				6A1AA44C2B4D5FDB00B1A624 /* Debug */,
				6A1AA44D2B4D5FDB00B1A624 /* Release */,
			);
			defaultConfigurationIsVisible = 0;
			defaultConfigurationName = Release;
		};
		6A1AA44E2B4D5FDB00B1A624 /* Build configuration list for PBXNativeTarget "StocksAndBankingUITests" */ = {
			isa = XCConfigurationList;
			buildConfigurations = (
				6A1AA44F2B4D5FDB00B1A624 /* Debug */,
				6A1AA4502B4D5FDB00B1A624 /* Release */,
			);
			defaultConfigurationIsVisible = 0;
			defaultConfigurationName = Release;
		};
/* End XCConfigurationList section */
	};
	rootObject = 6A1AA4162B4D5FDA00B1A624 /* Project object */;
}
